
Microsoft Visual Studio Solution File, Format Version 12.00
# Visual Studio 15
VisualStudioVersion = 15.0.27703.2035
MinimumVisualStudioVersion = 10.0.40219.1
Project("{FAE04EC0-301F-11D3-BF4B-00C04F79EFBC}") = "WithHangFire", "WithHangFire\WithHangFire.csproj", "{3ECEAD8A-AC20-41AC-9531-54AA6FD3A56B}"
EndProject
Global
	GlobalSection(SolutionConfigurationPlatforms) = preSolution
		Debug|Any CPU = Debug|Any CPU
		Release|Any CPU = Release|Any CPU
	EndGlobalSection
	GlobalSection(ProjectConfigurationPlatforms) = postSolution
		{3ECEAD8A-AC20-41AC-9531-54AA6FD3A56B}.Debug|Any CPU.ActiveCfg = Debug|Any CPU
		{3ECEAD8A-AC20-41AC-9531-54AA6FD3A56B}.Debug|Any CPU.Build.0 = Debug|Any CPU
		{3ECEAD8A-AC20-41AC-9531-54AA6FD3A56B}.Release|Any CPU.ActiveCfg = Release|Any CPU
		{3ECEAD8A-AC20-41AC-9531-54AA6FD3A56B}.Release|Any CPU.Build.0 = Release|Any CPU
	EndGlobalSection
	GlobalSection(SolutionProperties) = preSolution
		HideSolutionNode = FALSE
	EndGlobalSection
	GlobalSection(ExtensibilityGlobals) = postSolution
		SolutionGuid = {25769019-8E66-4F12-8E3B-EE1AB866BA2F}
	EndGlobalSection
EndGlobal
